// !$*UTF8*$!
{
	archiveVersion = 1;
	classes = {
	};
	objectVersion = 46;
	objects = {

/* Begin PBXBuildFile section */
		925A4CE89A60CD02781B27A7 /* libPods.a in Frameworks */ = {isa = PBXBuildFile; fileRef = BC5833CD0E39D9EEAA9DBA37 /* libPods.a */; };
		B70034301B8496A100263CAD /* UIView+RoundedCorner.m in Sources */ = {isa = PBXBuildFile; fileRef = B700342F1B8496A100263CAD /* UIView+RoundedCorner.m */; };
		B70034341B8498EA00263CAD /* WebService.m in Sources */ = {isa = PBXBuildFile; fileRef = B70034331B8498EA00263CAD /* WebService.m */; };
		B700343E1B84AC6B00263CAD /* DashboardViewController.m in Sources */ = {isa = PBXBuildFile; fileRef = B700343D1B84AC6B00263CAD /* DashboardViewController.m */; };
		B70034421B84ADBB00263CAD /* EditProfileViewController.m in Sources */ = {isa = PBXBuildFile; fileRef = B70034411B84ADBB00263CAD /* EditProfileViewController.m */; };
		B70034461B84ADDD00263CAD /* AddManagerViewController.m in Sources */ = {isa = PBXBuildFile; fileRef = B70034451B84ADDD00263CAD /* AddManagerViewController.m */; };
		B700344B1B84AED100263CAD /* SWRevealViewController.m in Sources */ = {isa = PBXBuildFile; fileRef = B700344A1B84AED100263CAD /* SWRevealViewController.m */; };
		B700344E1B84AED700263CAD /* SidebarViewController.m in Sources */ = {isa = PBXBuildFile; fileRef = B700344D1B84AED700263CAD /* SidebarViewController.m */; };
		B70A59A81B8592B800E1D793 /* GlobalMenuViewController.m in Sources */ = {isa = PBXBuildFile; fileRef = B70A59A71B8592B800E1D793 /* GlobalMenuViewController.m */; };
		B70A59AB1B8592D800E1D793 /* BackViewController.m in Sources */ = {isa = PBXBuildFile; fileRef = B70A59AA1B8592D800E1D793 /* BackViewController.m */; };
		B75B30DF1BB41A9400F981C8 /* cross.png in Resources */ = {isa = PBXBuildFile; fileRef = B75B30DE1BB41A9400F981C8 /* cross.png */; };
		B75DCCBF1B9EF25000A61D60 /* LocalizedObject.m in Sources */ = {isa = PBXBuildFile; fileRef = B75DCCBC1B9EF25000A61D60 /* LocalizedObject.m */; };
		B75DCCC01B9EF25000A61D60 /* UILabel+LocalizedString.m in Sources */ = {isa = PBXBuildFile; fileRef = B75DCCBE1B9EF25000A61D60 /* UILabel+LocalizedString.m */; };
		B767DDA71B8C68FC00C721C9 /* PreviewView.m in Sources */ = {isa = PBXBuildFile; fileRef = B767DDA61B8C68FC00C721C9 /* PreviewView.m */; };
		B767DDAC1B8C697400C721C9 /* CustomCameraViewController.m in Sources */ = {isa = PBXBuildFile; fileRef = B767DDAB1B8C697400C721C9 /* CustomCameraViewController.m */; };
		B76A68671BBE367000AF03CF /* CustomVideoViewController.m in Sources */ = {isa = PBXBuildFile; fileRef = B76A68661BBE367000AF03CF /* CustomVideoViewController.m */; };
		B76A686C1BBE36A100AF03CF /* VideoPreviewViewController.m in Sources */ = {isa = PBXBuildFile; fileRef = B76A686B1BBE36A100AF03CF /* VideoPreviewViewController.m */; };
		B76B76B41BC3E6130045C107 /* 1.png in Resources */ = {isa = PBXBuildFile; fileRef = B76B76B31BC3E6130045C107 /* 1.png */; settings = {ASSET_TAGS = (); }; };
		B77937A71BB3B4D20041510D /* TCCustomFont.m in Sources */ = {isa = PBXBuildFile; fileRef = B77937A61BB3B4D20041510D /* TCCustomFont.m */; };
		B77937AA1BB3B5220041510D /* OpenSans-Regular.ttf in Resources */ = {isa = PBXBuildFile; fileRef = B77937A81BB3B5220041510D /* OpenSans-Regular.ttf */; };
		B77937AB1BB3B5220041510D /* OpenSans-Semibold.ttf in Resources */ = {isa = PBXBuildFile; fileRef = B77937A91BB3B5220041510D /* OpenSans-Semibold.ttf */; };
		B77937AD1BB3B56C0041510D /* OpenSans-Italic.ttf in Resources */ = {isa = PBXBuildFile; fileRef = B77937AC1BB3B56C0041510D /* OpenSans-Italic.ttf */; };
		B77937AF1BB3B58F0041510D /* OpenSans-Bold.ttf in Resources */ = {isa = PBXBuildFile; fileRef = B77937AE1BB3B58F0041510D /* OpenSans-Bold.ttf */; };
		B77DAF001BB3F87100629624 /* UIImage+UIImage_fixOrientation.m in Sources */ = {isa = PBXBuildFile; fileRef = B77DAEFF1BB3F87100629624 /* UIImage+UIImage_fixOrientation.m */; };
		B77E98651BB2C3B200368C03 /* Internet.m in Sources */ = {isa = PBXBuildFile; fileRef = B77E98621BB2C3B200368C03 /* Internet.m */; settings = {COMPILER_FLAGS = "-fno-objc-arc"; }; };
		B77E98661BB2C3B200368C03 /* Reachability.m in Sources */ = {isa = PBXBuildFile; fileRef = B77E98641BB2C3B200368C03 /* Reachability.m */; settings = {COMPILER_FLAGS = "-fno-objc-arc"; }; };
		B789AD5D1B820F3B00C1C0AB /* main.m in Sources */ = {isa = PBXBuildFile; fileRef = B789AD5C1B820F3B00C1C0AB /* main.m */; };
		B789AD601B820F3B00C1C0AB /* AppDelegate.m in Sources */ = {isa = PBXBuildFile; fileRef = B789AD5F1B820F3B00C1C0AB /* AppDelegate.m */; };
		B789AD661B820F3B00C1C0AB /* Main.storyboard in Resources */ = {isa = PBXBuildFile; fileRef = B789AD641B820F3B00C1C0AB /* Main.storyboard */; };
		B789AD681B820F3B00C1C0AB /* Images.xcassets in Resources */ = {isa = PBXBuildFile; fileRef = B789AD671B820F3B00C1C0AB /* Images.xcassets */; };
		B789AD771B820F3B00C1C0AB /* ActorsCamTests.m in Sources */ = {isa = PBXBuildFile; fileRef = B789AD761B820F3B00C1C0AB /* ActorsCamTests.m */; };
		B789AD851B82103B00C1C0AB /* RegisterViewController.m in Sources */ = {isa = PBXBuildFile; fileRef = B789AD841B82103B00C1C0AB /* RegisterViewController.m */; };
		B789AD891B82105300C1C0AB /* LoginViewController.m in Sources */ = {isa = PBXBuildFile; fileRef = B789AD881B82105300C1C0AB /* LoginViewController.m */; };
		B789AD8D1B8212E700C1C0AB /* ChangePasswordViewController.m in Sources */ = {isa = PBXBuildFile; fileRef = B789AD8C1B8212E700C1C0AB /* ChangePasswordViewController.m */; };
		B793FEF21BBBBFE900DF6E50 /* AudioViewController.m in Sources */ = {isa = PBXBuildFile; fileRef = B793FEF11BBBBFE900DF6E50 /* AudioViewController.m */; };
		B79FC7111B941FD200D9EA79 /* UIView+Toast.m in Sources */ = {isa = PBXBuildFile; fileRef = B79FC7101B941FD200D9EA79 /* UIView+Toast.m */; };
		B7AD47461B8726B800D12F33 /* ManagerListViewController.m in Sources */ = {isa = PBXBuildFile; fileRef = B7AD47451B8726B800D12F33 /* ManagerListViewController.m */; };
		B7BAFE511BB95BC600BE13E8 /* modal2.jpeg in Resources */ = {isa = PBXBuildFile; fileRef = B7BAFE4B1BB95BC600BE13E8 /* modal2.jpeg */; };
		B7BAFE521BB95BC600BE13E8 /* modal7.jpeg in Resources */ = {isa = PBXBuildFile; fileRef = B7BAFE4C1BB95BC600BE13E8 /* modal7.jpeg */; };
		B7BAFE531BB95BC600BE13E8 /* modal6.jpeg in Resources */ = {isa = PBXBuildFile; fileRef = B7BAFE4D1BB95BC600BE13E8 /* modal6.jpeg */; };
		B7BAFE541BB95BC600BE13E8 /* modal5.jpeg in Resources */ = {isa = PBXBuildFile; fileRef = B7BAFE4E1BB95BC600BE13E8 /* modal5.jpeg */; };
		B7BAFE551BB95BC600BE13E8 /* modal4.jpeg in Resources */ = {isa = PBXBuildFile; fileRef = B7BAFE4F1BB95BC600BE13E8 /* modal4.jpeg */; };
		B7BAFE561BB95BC600BE13E8 /* modal3.jpeg in Resources */ = {isa = PBXBuildFile; fileRef = B7BAFE501BB95BC600BE13E8 /* modal3.jpeg */; };
		B7BAFE581BB95BCD00BE13E8 /* modal8.jpeg in Resources */ = {isa = PBXBuildFile; fileRef = B7BAFE571BB95BCD00BE13E8 /* modal8.jpeg */; };
		B7BAFE5A1BB95BDE00BE13E8 /* modal1.jpeg in Resources */ = {isa = PBXBuildFile; fileRef = B7BAFE591BB95BDE00BE13E8 /* modal1.jpeg */; };
		B7C06A181B9FE5D900C2E616 /* ChooseLanguageCell.m in Sources */ = {isa = PBXBuildFile; fileRef = B7C06A171B9FE5D900C2E616 /* ChooseLanguageCell.m */; };
		B7D32C2B1B8AE32A000DE939 /* ChooseLanguageViewController.m in Sources */ = {isa = PBXBuildFile; fileRef = B7D32C2A1B8AE32A000DE939 /* ChooseLanguageViewController.m */; };
		B7D32C3C1B8B36B1000DE939 /* ImagePreviewViewController.m in Sources */ = {isa = PBXBuildFile; fileRef = B7D32C3B1B8B36B1000DE939 /* ImagePreviewViewController.m */; };
		B7E5D6FF1BBCF24F00280C6A /* bg-568h@2x.jpg in Resources */ = {isa = PBXBuildFile; fileRef = B7E5D6FB1BBCF24F00280C6A /* bg-568h@2x.jpg */; };
		B7E5D7001BBCF24F00280C6A /* bg-667h@2x.jpg in Resources */ = {isa = PBXBuildFile; fileRef = B7E5D6FC1BBCF24F00280C6A /* bg-667h@2x.jpg */; };
		B7E5D7011BBCF24F00280C6A /* bg-736h@3x.jpg in Resources */ = {isa = PBXBuildFile; fileRef = B7E5D6FD1BBCF24F00280C6A /* bg-736h@3x.jpg */; };
		B7E5D7021BBCF24F00280C6A /* bg.jpg in Resources */ = {isa = PBXBuildFile; fileRef = B7E5D6FE1BBCF24F00280C6A /* bg.jpg */; };
		B7EDA6EE1B870A7D00778749 /* MBProgressHUD.m in Sources */ = {isa = PBXBuildFile; fileRef = B7EDA6ED1B870A7D00778749 /* MBProgressHUD.m */; };
		B7F5B00E1B82EBE500C54376 /* BSKeyboardControls.m in Sources */ = {isa = PBXBuildFile; fileRef = B7F5B00D1B82EBE500C54376 /* BSKeyboardControls.m */; };
		B7F5B0131B82F09000C54376 /* UITextField+Padding.m in Sources */ = {isa = PBXBuildFile; fileRef = B7F5B0121B82F09000C54376 /* UITextField+Padding.m */; };
		B7F5B0181B82F1D700C54376 /* UITextField+Validations.m in Sources */ = {isa = PBXBuildFile; fileRef = B7F5B0171B82F1D700C54376 /* UITextField+Validations.m */; };
		B7F5B0501B83109900C54376 /* UIImage+deviceSpecificMedia.m in Sources */ = {isa = PBXBuildFile; fileRef = B7F5B04F1B83109900C54376 /* UIImage+deviceSpecificMedia.m */; };
		B7F5B0541B8310D500C54376 /* NullValueChecker.m in Sources */ = {isa = PBXBuildFile; fileRef = B7F5B0531B8310D500C54376 /* NullValueChecker.m */; };
		B7FF11311B8754D700D1E54F /* ManagersListCell.m in Sources */ = {isa = PBXBuildFile; fileRef = B7FF11301B8754D700D1E54F /* ManagersListCell.m */; };
		B7FFA39E1B9E9520002B37D9 /* Localizable.strings in Resources */ = {isa = PBXBuildFile; fileRef = B7FFA3A01B9E9520002B37D9 /* Localizable.strings */; };
		BDC4AC3E1BC0FC63007ADAA1 /* bg-ipad.jpg in Resources */ = {isa = PBXBuildFile; fileRef = BDC4AC3C1BC0FC63007ADAA1 /* bg-ipad.jpg */; };
		BDC4AC3F1BC0FC63007ADAA1 /* bg-ipad@2x.jpg in Resources */ = {isa = PBXBuildFile; fileRef = BDC4AC3D1BC0FC63007ADAA1 /* bg-ipad@2x.jpg */; };
/* End PBXBuildFile section */

/* Begin PBXContainerItemProxy section */
		B789AD711B820F3B00C1C0AB /* PBXContainerItemProxy */ = {
			isa = PBXContainerItemProxy;
			containerPortal = B789AD4F1B820F3B00C1C0AB /* Project object */;
			proxyType = 1;
			remoteGlobalIDString = B789AD561B820F3B00C1C0AB;
			remoteInfo = ActorsCam;
		};
/* End PBXContainerItemProxy section */

/* Begin PBXFileReference section */
		17A6042FB44BB0551E518D31 /* Pods.release.xcconfig */ = {isa = PBXFileReference; includeInIndex = 1; lastKnownFileType = text.xcconfig; name = Pods.release.xcconfig; path = "Pods/Target Support Files/Pods/Pods.release.xcconfig"; sourceTree = "<group>"; };
		B700342E1B8496A100263CAD /* UIView+RoundedCorner.h */ = {isa = PBXFileReference; fileEncoding = 4; lastKnownFileType = sourcecode.c.h; path = "UIView+RoundedCorner.h"; sourceTree = "<group>"; };
		B700342F1B8496A100263CAD /* UIView+RoundedCorner.m */ = {isa = PBXFileReference; fileEncoding = 4; lastKnownFileType = sourcecode.c.objc; path = "UIView+RoundedCorner.m"; sourceTree = "<group>"; };
		B70034321B8498EA00263CAD /* WebService.h */ = {isa = PBXFileReference; fileEncoding = 4; lastKnownFileType = sourcecode.c.h; path = WebService.h; sourceTree = "<group>"; };
		B70034331B8498EA00263CAD /* WebService.m */ = {isa = PBXFileReference; fileEncoding = 4; lastKnownFileType = sourcecode.c.objc; path = WebService.m; sourceTree = "<group>"; };
		B70034361B849AB400263CAD /* ActorsCam-Prefix.pch */ = {isa = PBXFileReference; fileEncoding = 4; lastKnownFileType = sourcecode.c.h; path = "ActorsCam-Prefix.pch"; sourceTree = "<group>"; };
		B70034391B84A40800263CAD /* libz.dylib */ = {isa = PBXFileReference; lastKnownFileType = "compiled.mach-o.dylib"; name = libz.dylib; path = usr/lib/libz.dylib; sourceTree = SDKROOT; };
		B700343C1B84AC6B00263CAD /* DashboardViewController.h */ = {isa = PBXFileReference; fileEncoding = 4; lastKnownFileType = sourcecode.c.h; name = DashboardViewController.h; path = ActorsCam/DashboardViewController.h; sourceTree = "<group>"; };
		B700343D1B84AC6B00263CAD /* DashboardViewController.m */ = {isa = PBXFileReference; fileEncoding = 4; lastKnownFileType = sourcecode.c.objc; name = DashboardViewController.m; path = ActorsCam/DashboardViewController.m; sourceTree = "<group>"; };
		B70034401B84ADBB00263CAD /* EditProfileViewController.h */ = {isa = PBXFileReference; fileEncoding = 4; lastKnownFileType = sourcecode.c.h; name = EditProfileViewController.h; path = ActorsCam/EditProfileViewController.h; sourceTree = "<group>"; };
		B70034411B84ADBB00263CAD /* EditProfileViewController.m */ = {isa = PBXFileReference; fileEncoding = 4; lastKnownFileType = sourcecode.c.objc; name = EditProfileViewController.m; path = ActorsCam/EditProfileViewController.m; sourceTree = "<group>"; };
		B70034441B84ADDD00263CAD /* AddManagerViewController.h */ = {isa = PBXFileReference; fileEncoding = 4; lastKnownFileType = sourcecode.c.h; name = AddManagerViewController.h; path = ActorsCam/AddManagerViewController.h; sourceTree = "<group>"; };
		B70034451B84ADDD00263CAD /* AddManagerViewController.m */ = {isa = PBXFileReference; fileEncoding = 4; lastKnownFileType = sourcecode.c.objc; name = AddManagerViewController.m; path = ActorsCam/AddManagerViewController.m; sourceTree = "<group>"; };
		B70034491B84AED100263CAD /* SWRevealViewController.h */ = {isa = PBXFileReference; fileEncoding = 4; lastKnownFileType = sourcecode.c.h; name = SWRevealViewController.h; path = ActorsCam/SWRevealViewController.h; sourceTree = "<group>"; };
		B700344A1B84AED100263CAD /* SWRevealViewController.m */ = {isa = PBXFileReference; fileEncoding = 4; lastKnownFileType = sourcecode.c.objc; name = SWRevealViewController.m; path = ActorsCam/SWRevealViewController.m; sourceTree = "<group>"; };
		B700344C1B84AED700263CAD /* SidebarViewController.h */ = {isa = PBXFileReference; fileEncoding = 4; lastKnownFileType = sourcecode.c.h; name = SidebarViewController.h; path = ActorsCam/SidebarViewController.h; sourceTree = "<group>"; };
		B700344D1B84AED700263CAD /* SidebarViewController.m */ = {isa = PBXFileReference; fileEncoding = 4; lastKnownFileType = sourcecode.c.objc; name = SidebarViewController.m; path = ActorsCam/SidebarViewController.m; sourceTree = "<group>"; };
		B70A59A61B8592B800E1D793 /* GlobalMenuViewController.h */ = {isa = PBXFileReference; fileEncoding = 4; lastKnownFileType = sourcecode.c.h; name = GlobalMenuViewController.h; path = ActorsCam/GlobalMenuViewController.h; sourceTree = "<group>"; };
		B70A59A71B8592B800E1D793 /* GlobalMenuViewController.m */ = {isa = PBXFileReference; fileEncoding = 4; lastKnownFileType = sourcecode.c.objc; name = GlobalMenuViewController.m; path = ActorsCam/GlobalMenuViewController.m; sourceTree = "<group>"; };
		B70A59A91B8592D800E1D793 /* BackViewController.h */ = {isa = PBXFileReference; fileEncoding = 4; lastKnownFileType = sourcecode.c.h; name = BackViewController.h; path = ActorsCam/BackViewController.h; sourceTree = "<group>"; };
		B70A59AA1B8592D800E1D793 /* BackViewController.m */ = {isa = PBXFileReference; fileEncoding = 4; lastKnownFileType = sourcecode.c.objc; name = BackViewController.m; path = ActorsCam/BackViewController.m; sourceTree = "<group>"; };
		B73C2EF31B9E956700093384 /* en */ = {isa = PBXFileReference; lastKnownFileType = text.plist.strings; name = en; path = en.lproj/Localizable.strings; sourceTree = "<group>"; };
		B73C2EF41B9E957000093384 /* Base */ = {isa = PBXFileReference; lastKnownFileType = text.plist.strings; name = Base; path = Base.lproj/Localizable.strings; sourceTree = "<group>"; };
		B75B30DE1BB41A9400F981C8 /* cross.png */ = {isa = PBXFileReference; lastKnownFileType = image.png; path = cross.png; sourceTree = "<group>"; };
		B75DCCBB1B9EF25000A61D60 /* LocalizedObject.h */ = {isa = PBXFileReference; fileEncoding = 4; lastKnownFileType = sourcecode.c.h; path = LocalizedObject.h; sourceTree = "<group>"; };
		B75DCCBC1B9EF25000A61D60 /* LocalizedObject.m */ = {isa = PBXFileReference; fileEncoding = 4; lastKnownFileType = sourcecode.c.objc; path = LocalizedObject.m; sourceTree = "<group>"; };
		B75DCCBD1B9EF25000A61D60 /* UILabel+LocalizedString.h */ = {isa = PBXFileReference; fileEncoding = 4; lastKnownFileType = sourcecode.c.h; path = "UILabel+LocalizedString.h"; sourceTree = "<group>"; };
		B75DCCBE1B9EF25000A61D60 /* UILabel+LocalizedString.m */ = {isa = PBXFileReference; fileEncoding = 4; lastKnownFileType = sourcecode.c.objc; path = "UILabel+LocalizedString.m"; sourceTree = "<group>"; };
		B767DDA51B8C68FC00C721C9 /* PreviewView.h */ = {isa = PBXFileReference; fileEncoding = 4; lastKnownFileType = sourcecode.c.h; path = PreviewView.h; sourceTree = "<group>"; };
		B767DDA61B8C68FC00C721C9 /* PreviewView.m */ = {isa = PBXFileReference; fileEncoding = 4; lastKnownFileType = sourcecode.c.objc; path = PreviewView.m; sourceTree = "<group>"; };
		B767DDAA1B8C697400C721C9 /* CustomCameraViewController.h */ = {isa = PBXFileReference; fileEncoding = 4; lastKnownFileType = sourcecode.c.h; path = CustomCameraViewController.h; sourceTree = "<group>"; };
		B767DDAB1B8C697400C721C9 /* CustomCameraViewController.m */ = {isa = PBXFileReference; fileEncoding = 4; lastKnownFileType = sourcecode.c.objc; path = CustomCameraViewController.m; sourceTree = "<group>"; };
		B76A68651BBE367000AF03CF /* CustomVideoViewController.h */ = {isa = PBXFileReference; fileEncoding = 4; lastKnownFileType = sourcecode.c.h; path = CustomVideoViewController.h; sourceTree = "<group>"; };
		B76A68661BBE367000AF03CF /* CustomVideoViewController.m */ = {isa = PBXFileReference; fileEncoding = 4; lastKnownFileType = sourcecode.c.objc; path = CustomVideoViewController.m; sourceTree = "<group>"; };
		B76A686A1BBE36A100AF03CF /* VideoPreviewViewController.h */ = {isa = PBXFileReference; fileEncoding = 4; lastKnownFileType = sourcecode.c.h; path = VideoPreviewViewController.h; sourceTree = "<group>"; };
		B76A686B1BBE36A100AF03CF /* VideoPreviewViewController.m */ = {isa = PBXFileReference; fileEncoding = 4; lastKnownFileType = sourcecode.c.objc; path = VideoPreviewViewController.m; sourceTree = "<group>"; };
		B76B76B31BC3E6130045C107 /* 1.png */ = {isa = PBXFileReference; lastKnownFileType = image.png; path = 1.png; sourceTree = "<group>"; };
		B77937A61BB3B4D20041510D /* TCCustomFont.m */ = {isa = PBXFileReference; fileEncoding = 4; lastKnownFileType = sourcecode.c.objc; path = TCCustomFont.m; sourceTree = "<group>"; };
		B77937A81BB3B5220041510D /* OpenSans-Regular.ttf */ = {isa = PBXFileReference; lastKnownFileType = file; path = "OpenSans-Regular.ttf"; sourceTree = "<group>"; };
		B77937A91BB3B5220041510D /* OpenSans-Semibold.ttf */ = {isa = PBXFileReference; lastKnownFileType = file; path = "OpenSans-Semibold.ttf"; sourceTree = "<group>"; };
		B77937AC1BB3B56C0041510D /* OpenSans-Italic.ttf */ = {isa = PBXFileReference; lastKnownFileType = file; path = "OpenSans-Italic.ttf"; sourceTree = "<group>"; };
		B77937AE1BB3B58F0041510D /* OpenSans-Bold.ttf */ = {isa = PBXFileReference; lastKnownFileType = file; path = "OpenSans-Bold.ttf"; sourceTree = "<group>"; };
		B77DAEFE1BB3F87100629624 /* UIImage+UIImage_fixOrientation.h */ = {isa = PBXFileReference; fileEncoding = 4; lastKnownFileType = sourcecode.c.h; path = "UIImage+UIImage_fixOrientation.h"; sourceTree = "<group>"; };
		B77DAEFF1BB3F87100629624 /* UIImage+UIImage_fixOrientation.m */ = {isa = PBXFileReference; fileEncoding = 4; lastKnownFileType = sourcecode.c.objc; path = "UIImage+UIImage_fixOrientation.m"; sourceTree = "<group>"; };
		B77E98611BB2C3B200368C03 /* Internet.h */ = {isa = PBXFileReference; fileEncoding = 4; lastKnownFileType = sourcecode.c.h; path = Internet.h; sourceTree = "<group>"; };
		B77E98621BB2C3B200368C03 /* Internet.m */ = {isa = PBXFileReference; fileEncoding = 4; lastKnownFileType = sourcecode.c.objc; path = Internet.m; sourceTree = "<group>"; };
		B77E98631BB2C3B200368C03 /* Reachability.h */ = {isa = PBXFileReference; fileEncoding = 4; lastKnownFileType = sourcecode.c.h; path = Reachability.h; sourceTree = "<group>"; };
		B77E98641BB2C3B200368C03 /* Reachability.m */ = {isa = PBXFileReference; fileEncoding = 4; lastKnownFileType = sourcecode.c.objc; path = Reachability.m; sourceTree = "<group>"; };
		B789AD571B820F3B00C1C0AB /* ActorsCam.app */ = {isa = PBXFileReference; explicitFileType = wrapper.application; includeInIndex = 0; path = ActorsCam.app; sourceTree = BUILT_PRODUCTS_DIR; };
		B789AD5B1B820F3B00C1C0AB /* Info.plist */ = {isa = PBXFileReference; lastKnownFileType = text.plist.xml; path = Info.plist; sourceTree = "<group>"; };
		B789AD5C1B820F3B00C1C0AB /* main.m */ = {isa = PBXFileReference; lastKnownFileType = sourcecode.c.objc; path = main.m; sourceTree = "<group>"; };
		B789AD5E1B820F3B00C1C0AB /* AppDelegate.h */ = {isa = PBXFileReference; lastKnownFileType = sourcecode.c.h; path = AppDelegate.h; sourceTree = "<group>"; };
		B789AD5F1B820F3B00C1C0AB /* AppDelegate.m */ = {isa = PBXFileReference; lastKnownFileType = sourcecode.c.objc; path = AppDelegate.m; sourceTree = "<group>"; };
		B789AD651B820F3B00C1C0AB /* Base */ = {isa = PBXFileReference; lastKnownFileType = file.storyboard; name = Base; path = Base.lproj/Main.storyboard; sourceTree = "<group>"; };
		B789AD671B820F3B00C1C0AB /* Images.xcassets */ = {isa = PBXFileReference; lastKnownFileType = folder.assetcatalog; path = Images.xcassets; sourceTree = "<group>"; };
		B789AD701B820F3B00C1C0AB /* ActorsCamTests.xctest */ = {isa = PBXFileReference; explicitFileType = wrapper.cfbundle; includeInIndex = 0; path = ActorsCamTests.xctest; sourceTree = BUILT_PRODUCTS_DIR; };
		B789AD751B820F3B00C1C0AB /* Info.plist */ = {isa = PBXFileReference; lastKnownFileType = text.plist.xml; path = Info.plist; sourceTree = "<group>"; };
		B789AD761B820F3B00C1C0AB /* ActorsCamTests.m */ = {isa = PBXFileReference; lastKnownFileType = sourcecode.c.objc; path = ActorsCamTests.m; sourceTree = "<group>"; };
		B789AD831B82103B00C1C0AB /* RegisterViewController.h */ = {isa = PBXFileReference; fileEncoding = 4; lastKnownFileType = sourcecode.c.h; name = RegisterViewController.h; path = ActorsCam/RegisterViewController.h; sourceTree = "<group>"; };
		B789AD841B82103B00C1C0AB /* RegisterViewController.m */ = {isa = PBXFileReference; fileEncoding = 4; lastKnownFileType = sourcecode.c.objc; name = RegisterViewController.m; path = ActorsCam/RegisterViewController.m; sourceTree = "<group>"; };
		B789AD871B82105300C1C0AB /* LoginViewController.h */ = {isa = PBXFileReference; fileEncoding = 4; lastKnownFileType = sourcecode.c.h; name = LoginViewController.h; path = ActorsCam/LoginViewController.h; sourceTree = "<group>"; };
		B789AD881B82105300C1C0AB /* LoginViewController.m */ = {isa = PBXFileReference; fileEncoding = 4; lastKnownFileType = sourcecode.c.objc; name = LoginViewController.m; path = ActorsCam/LoginViewController.m; sourceTree = "<group>"; };
		B789AD8B1B8212E700C1C0AB /* ChangePasswordViewController.h */ = {isa = PBXFileReference; fileEncoding = 4; lastKnownFileType = sourcecode.c.h; name = ChangePasswordViewController.h; path = ActorsCam/ChangePasswordViewController.h; sourceTree = "<group>"; };
		B789AD8C1B8212E700C1C0AB /* ChangePasswordViewController.m */ = {isa = PBXFileReference; fileEncoding = 4; lastKnownFileType = sourcecode.c.objc; name = ChangePasswordViewController.m; path = ActorsCam/ChangePasswordViewController.m; sourceTree = "<group>"; };
		B793FEF01BBBBFE900DF6E50 /* AudioViewController.h */ = {isa = PBXFileReference; fileEncoding = 4; lastKnownFileType = sourcecode.c.h; path = AudioViewController.h; sourceTree = "<group>"; };
		B793FEF11BBBBFE900DF6E50 /* AudioViewController.m */ = {isa = PBXFileReference; fileEncoding = 4; lastKnownFileType = sourcecode.c.objc; path = AudioViewController.m; sourceTree = "<group>"; };
		B79FC70F1B941FD200D9EA79 /* UIView+Toast.h */ = {isa = PBXFileReference; fileEncoding = 4; lastKnownFileType = sourcecode.c.h; path = "UIView+Toast.h"; sourceTree = "<group>"; };
		B79FC7101B941FD200D9EA79 /* UIView+Toast.m */ = {isa = PBXFileReference; fileEncoding = 4; lastKnownFileType = sourcecode.c.objc; path = "UIView+Toast.m"; sourceTree = "<group>"; };
		B7AD47441B8726B800D12F33 /* ManagerListViewController.h */ = {isa = PBXFileReference; fileEncoding = 4; lastKnownFileType = sourcecode.c.h; name = ManagerListViewController.h; path = ActorsCam/ManagerListViewController.h; sourceTree = "<group>"; };
		B7AD47451B8726B800D12F33 /* ManagerListViewController.m */ = {isa = PBXFileReference; fileEncoding = 4; lastKnownFileType = sourcecode.c.objc; name = ManagerListViewController.m; path = ActorsCam/ManagerListViewController.m; sourceTree = "<group>"; };
		B7BAFE4B1BB95BC600BE13E8 /* modal2.jpeg */ = {isa = PBXFileReference; lastKnownFileType = image.jpeg; path = modal2.jpeg; sourceTree = "<group>"; };
		B7BAFE4C1BB95BC600BE13E8 /* modal7.jpeg */ = {isa = PBXFileReference; lastKnownFileType = image.jpeg; path = modal7.jpeg; sourceTree = "<group>"; };
		B7BAFE4D1BB95BC600BE13E8 /* modal6.jpeg */ = {isa = PBXFileReference; lastKnownFileType = image.jpeg; path = modal6.jpeg; sourceTree = "<group>"; };
		B7BAFE4E1BB95BC600BE13E8 /* modal5.jpeg */ = {isa = PBXFileReference; lastKnownFileType = image.jpeg; path = modal5.jpeg; sourceTree = "<group>"; };
		B7BAFE4F1BB95BC600BE13E8 /* modal4.jpeg */ = {isa = PBXFileReference; lastKnownFileType = image.jpeg; path = modal4.jpeg; sourceTree = "<group>"; };
		B7BAFE501BB95BC600BE13E8 /* modal3.jpeg */ = {isa = PBXFileReference; lastKnownFileType = image.jpeg; path = modal3.jpeg; sourceTree = "<group>"; };
		B7BAFE571BB95BCD00BE13E8 /* modal8.jpeg */ = {isa = PBXFileReference; lastKnownFileType = image.jpeg; path = modal8.jpeg; sourceTree = "<group>"; };
		B7BAFE591BB95BDE00BE13E8 /* modal1.jpeg */ = {isa = PBXFileReference; lastKnownFileType = image.jpeg; path = modal1.jpeg; sourceTree = "<group>"; };
		B7C06A161B9FE5D900C2E616 /* ChooseLanguageCell.h */ = {isa = PBXFileReference; fileEncoding = 4; lastKnownFileType = sourcecode.c.h; path = ChooseLanguageCell.h; sourceTree = "<group>"; };
		B7C06A171B9FE5D900C2E616 /* ChooseLanguageCell.m */ = {isa = PBXFileReference; fileEncoding = 4; lastKnownFileType = sourcecode.c.objc; path = ChooseLanguageCell.m; sourceTree = "<group>"; };
		B7D32C291B8AE32A000DE939 /* ChooseLanguageViewController.h */ = {isa = PBXFileReference; fileEncoding = 4; lastKnownFileType = sourcecode.c.h; name = ChooseLanguageViewController.h; path = ActorsCam/ChooseLanguageViewController.h; sourceTree = "<group>"; };
		B7D32C2A1B8AE32A000DE939 /* ChooseLanguageViewController.m */ = {isa = PBXFileReference; fileEncoding = 4; lastKnownFileType = sourcecode.c.objc; name = ChooseLanguageViewController.m; path = ActorsCam/ChooseLanguageViewController.m; sourceTree = "<group>"; };
		B7D32C3A1B8B36B1000DE939 /* ImagePreviewViewController.h */ = {isa = PBXFileReference; fileEncoding = 4; lastKnownFileType = sourcecode.c.h; name = ImagePreviewViewController.h; path = ActorsCam/ImagePreviewViewController.h; sourceTree = "<group>"; };
		B7D32C3B1B8B36B1000DE939 /* ImagePreviewViewController.m */ = {isa = PBXFileReference; fileEncoding = 4; lastKnownFileType = sourcecode.c.objc; name = ImagePreviewViewController.m; path = ActorsCam/ImagePreviewViewController.m; sourceTree = "<group>"; };
		B7E5D6FB1BBCF24F00280C6A /* bg-568h@2x.jpg */ = {isa = PBXFileReference; lastKnownFileType = image.jpeg; path = "bg-568h@2x.jpg"; sourceTree = "<group>"; };
		B7E5D6FC1BBCF24F00280C6A /* bg-667h@2x.jpg */ = {isa = PBXFileReference; lastKnownFileType = image.jpeg; path = "bg-667h@2x.jpg"; sourceTree = "<group>"; };
		B7E5D6FD1BBCF24F00280C6A /* bg-736h@3x.jpg */ = {isa = PBXFileReference; lastKnownFileType = image.jpeg; path = "bg-736h@3x.jpg"; sourceTree = "<group>"; };
		B7E5D6FE1BBCF24F00280C6A /* bg.jpg */ = {isa = PBXFileReference; lastKnownFileType = image.jpeg; path = bg.jpg; sourceTree = "<group>"; };
		B7EDA6EC1B870A7D00778749 /* MBProgressHUD.h */ = {isa = PBXFileReference; fileEncoding = 4; lastKnownFileType = sourcecode.c.h; path = MBProgressHUD.h; sourceTree = "<group>"; };
		B7EDA6ED1B870A7D00778749 /* MBProgressHUD.m */ = {isa = PBXFileReference; fileEncoding = 4; lastKnownFileType = sourcecode.c.objc; path = MBProgressHUD.m; sourceTree = "<group>"; };
		B7F5B00C1B82EBE500C54376 /* BSKeyboardControls.h */ = {isa = PBXFileReference; fileEncoding = 4; lastKnownFileType = sourcecode.c.h; path = BSKeyboardControls.h; sourceTree = "<group>"; };
		B7F5B00D1B82EBE500C54376 /* BSKeyboardControls.m */ = {isa = PBXFileReference; fileEncoding = 4; lastKnownFileType = sourcecode.c.objc; path = BSKeyboardControls.m; sourceTree = "<group>"; };
		B7F5B0111B82F09000C54376 /* UITextField+Padding.h */ = {isa = PBXFileReference; fileEncoding = 4; lastKnownFileType = sourcecode.c.h; path = "UITextField+Padding.h"; sourceTree = "<group>"; };
		B7F5B0121B82F09000C54376 /* UITextField+Padding.m */ = {isa = PBXFileReference; fileEncoding = 4; lastKnownFileType = sourcecode.c.objc; path = "UITextField+Padding.m"; sourceTree = "<group>"; };
		B7F5B0161B82F1D700C54376 /* UITextField+Validations.h */ = {isa = PBXFileReference; fileEncoding = 4; lastKnownFileType = sourcecode.c.h; path = "UITextField+Validations.h"; sourceTree = "<group>"; };
		B7F5B0171B82F1D700C54376 /* UITextField+Validations.m */ = {isa = PBXFileReference; fileEncoding = 4; lastKnownFileType = sourcecode.c.objc; path = "UITextField+Validations.m"; sourceTree = "<group>"; };
		B7F5B04E1B83109900C54376 /* UIImage+deviceSpecificMedia.h */ = {isa = PBXFileReference; fileEncoding = 4; lastKnownFileType = sourcecode.c.h; path = "UIImage+deviceSpecificMedia.h"; sourceTree = "<group>"; };
		B7F5B04F1B83109900C54376 /* UIImage+deviceSpecificMedia.m */ = {isa = PBXFileReference; fileEncoding = 4; lastKnownFileType = sourcecode.c.objc; path = "UIImage+deviceSpecificMedia.m"; sourceTree = "<group>"; };
		B7F5B0521B8310D500C54376 /* NullValueChecker.h */ = {isa = PBXFileReference; fileEncoding = 4; lastKnownFileType = sourcecode.c.h; path = NullValueChecker.h; sourceTree = "<group>"; };
		B7F5B0531B8310D500C54376 /* NullValueChecker.m */ = {isa = PBXFileReference; fileEncoding = 4; lastKnownFileType = sourcecode.c.objc; path = NullValueChecker.m; sourceTree = "<group>"; };
		B7FF112F1B8754D700D1E54F /* ManagersListCell.h */ = {isa = PBXFileReference; fileEncoding = 4; lastKnownFileType = sourcecode.c.h; name = ManagersListCell.h; path = ActorsCam/ManagersListCell.h; sourceTree = "<group>"; };
		B7FF11301B8754D700D1E54F /* ManagersListCell.m */ = {isa = PBXFileReference; fileEncoding = 4; lastKnownFileType = sourcecode.c.objc; name = ManagersListCell.m; path = ActorsCam/ManagersListCell.m; sourceTree = "<group>"; };
		BC5833CD0E39D9EEAA9DBA37 /* libPods.a */ = {isa = PBXFileReference; explicitFileType = archive.ar; includeInIndex = 0; path = libPods.a; sourceTree = BUILT_PRODUCTS_DIR; };
		BDC4AC3C1BC0FC63007ADAA1 /* bg-ipad.jpg */ = {isa = PBXFileReference; lastKnownFileType = image.jpeg; path = "bg-ipad.jpg"; sourceTree = "<group>"; };
		BDC4AC3D1BC0FC63007ADAA1 /* bg-ipad@2x.jpg */ = {isa = PBXFileReference; lastKnownFileType = image.jpeg; path = "bg-ipad@2x.jpg"; sourceTree = "<group>"; };
		EC6CF4BD5D0C98E96698D211 /* Pods.debug.xcconfig */ = {isa = PBXFileReference; includeInIndex = 1; lastKnownFileType = text.xcconfig; name = Pods.debug.xcconfig; path = "Pods/Target Support Files/Pods/Pods.debug.xcconfig"; sourceTree = "<group>"; };
/* End PBXFileReference section */

/* Begin PBXFrameworksBuildPhase section */
		B789AD541B820F3B00C1C0AB /* Frameworks */ = {
			isa = PBXFrameworksBuildPhase;
			buildActionMask = 2147483647;
			files = (
				925A4CE89A60CD02781B27A7 /* libPods.a in Frameworks */,
			);
			runOnlyForDeploymentPostprocessing = 0;
		};
		B789AD6D1B820F3B00C1C0AB /* Frameworks */ = {
			isa = PBXFrameworksBuildPhase;
			buildActionMask = 2147483647;
			files = (
			);
			runOnlyForDeploymentPostprocessing = 0;
		};
/* End PBXFrameworksBuildPhase section */

/* Begin PBXGroup section */
		7E3994801AB065291C6B578E /* Frameworks */ = {
			isa = PBXGroup;
			children = (
				B70034391B84A40800263CAD /* libz.dylib */,
				BC5833CD0E39D9EEAA9DBA37 /* libPods.a */,
			);
			name = Frameworks;
			sourceTree = "<group>";
		};
		990A9EBD4ED535D1FDCEBE68 /* Pods */ = {
			isa = PBXGroup;
			children = (
				EC6CF4BD5D0C98E96698D211 /* Pods.debug.xcconfig */,
				17A6042FB44BB0551E518D31 /* Pods.release.xcconfig */,
			);
			name = Pods;
			sourceTree = "<group>";
		};
		B70034311B8496A700263CAD /* CornerRadiusCategory */ = {
			isa = PBXGroup;
			children = (
				B700342E1B8496A100263CAD /* UIView+RoundedCorner.h */,
				B700342F1B8496A100263CAD /* UIView+RoundedCorner.m */,
			);
			name = CornerRadiusCategory;
			sourceTree = "<group>";
		};
		B700343B1B84ABE800263CAD /* DashboardView */ = {
			isa = PBXGroup;
			children = (
				B700343C1B84AC6B00263CAD /* DashboardViewController.h */,
				B700343D1B84AC6B00263CAD /* DashboardViewController.m */,
			);
			name = DashboardView;
			sourceTree = "<group>";
		};
		B700343F1B84AD5C00263CAD /* EditProfileView */ = {
			isa = PBXGroup;
			children = (
				B70034401B84ADBB00263CAD /* EditProfileViewController.h */,
				B70034411B84ADBB00263CAD /* EditProfileViewController.m */,
			);
			name = EditProfileView;
			sourceTree = "<group>";
		};
		B70034431B84ADC100263CAD /* ManagerListView */ = {
			isa = PBXGroup;
			children = (
				B7AD47491B87286F00D12F33 /* ManagersListCell */,
				B7AD47481B87286000D12F33 /* ManagersList */,
			);
			name = ManagerListView;
			sourceTree = "<group>";
		};
		B70034471B84AEB000263CAD /* SideBar */ = {
			isa = PBXGroup;
			children = (
				B700344C1B84AED700263CAD /* SidebarViewController.h */,
				B700344D1B84AED700263CAD /* SidebarViewController.m */,
			);
			name = SideBar;
			sourceTree = "<group>";
		};
		B70034481B84AEB900263CAD /* SWRevealViewController */ = {
			isa = PBXGroup;
			children = (
				B70034491B84AED100263CAD /* SWRevealViewController.h */,
				B700344A1B84AED100263CAD /* SWRevealViewController.m */,
			);
			name = SWRevealViewController;
			sourceTree = "<group>";
		};
		B70A59A41B85926A00E1D793 /* GlobalSideBarMenu */ = {
			isa = PBXGroup;
			children = (
				B70A59A61B8592B800E1D793 /* GlobalMenuViewController.h */,
				B70A59A71B8592B800E1D793 /* GlobalMenuViewController.m */,
			);
			name = GlobalSideBarMenu;
			sourceTree = "<group>";
		};
		B70A59A51B85927700E1D793 /* GlobalBackViewController */ = {
			isa = PBXGroup;
			children = (
				B70A59A91B8592D800E1D793 /* BackViewController.h */,
				B70A59AA1B8592D800E1D793 /* BackViewController.m */,
			);
			name = GlobalBackViewController;
			sourceTree = "<group>";
		};
		B767DDA81B8C693B00C721C9 /* ImagePreview */ = {
			isa = PBXGroup;
			children = (
				B7D32C3A1B8B36B1000DE939 /* ImagePreviewViewController.h */,
				B7D32C3B1B8B36B1000DE939 /* ImagePreviewViewController.m */,
			);
			name = ImagePreview;
			sourceTree = "<group>";
		};
		B767DDA91B8C694400C721C9 /* CameraView */ = {
			isa = PBXGroup;
			children = (
				B767DDA51B8C68FC00C721C9 /* PreviewView.h */,
				B767DDA61B8C68FC00C721C9 /* PreviewView.m */,
				B767DDAA1B8C697400C721C9 /* CustomCameraViewController.h */,
				B767DDAB1B8C697400C721C9 /* CustomCameraViewController.m */,
			);
			name = CameraView;
			sourceTree = "<group>";
		};
		B76A68641BBE361A00AF03CF /* VideoRecordView */ = {
			isa = PBXGroup;
			children = (
				B76A68691BBE368700AF03CF /* VideoView */,
				B76A68681BBE367600AF03CF /* VideoPreviewView */,
			);
			name = VideoRecordView;
			sourceTree = "<group>";
		};
		B76A68681BBE367600AF03CF /* VideoPreviewView */ = {
			isa = PBXGroup;
			children = (
				B76A686A1BBE36A100AF03CF /* VideoPreviewViewController.h */,
				B76A686B1BBE36A100AF03CF /* VideoPreviewViewController.m */,
			);
			name = VideoPreviewView;
			sourceTree = "<group>";
		};
		B76A68691BBE368700AF03CF /* VideoView */ = {
			isa = PBXGroup;
			children = (
				B76A68651BBE367000AF03CF /* CustomVideoViewController.h */,
				B76A68661BBE367000AF03CF /* CustomVideoViewController.m */,
			);
			name = VideoView;
			sourceTree = "<group>";
		};
		B77937A51BB3B4BF0041510D /* FontCategory */ = {
			isa = PBXGroup;
			children = (
				B77937A61BB3B4D20041510D /* TCCustomFont.m */,
			);
			name = FontCategory;
			sourceTree = "<group>";
		};
		B77DAEFD1BB3F85200629624 /* UIImageCategory */ = {
			isa = PBXGroup;
			children = (
				B77DAEFE1BB3F87100629624 /* UIImage+UIImage_fixOrientation.h */,
				B77DAEFF1BB3F87100629624 /* UIImage+UIImage_fixOrientation.m */,
			);
			name = UIImageCategory;
			sourceTree = "<group>";
		};
		B77E98601BB2C3A000368C03 /* Reachability */ = {
			isa = PBXGroup;
			children = (
				B77E98611BB2C3B200368C03 /* Internet.h */,
				B77E98621BB2C3B200368C03 /* Internet.m */,
				B77E98631BB2C3B200368C03 /* Reachability.h */,
				B77E98641BB2C3B200368C03 /* Reachability.m */,
			);
			name = Reachability;
			sourceTree = "<group>";
		};
		B789AD4E1B820F3B00C1C0AB = {
			isa = PBXGroup;
			children = (
				B789AD591B820F3B00C1C0AB /* ActorsCam */,
				B789AD731B820F3B00C1C0AB /* ActorsCamTests */,
				B789AD581B820F3B00C1C0AB /* Products */,
				7E3994801AB065291C6B578E /* Frameworks */,
				990A9EBD4ED535D1FDCEBE68 /* Pods */,
			);
			sourceTree = "<group>";
		};
		B789AD581B820F3B00C1C0AB /* Products */ = {
			isa = PBXGroup;
			children = (
				B789AD571B820F3B00C1C0AB /* ActorsCam.app */,
				B789AD701B820F3B00C1C0AB /* ActorsCamTests.xctest */,
			);
			name = Products;
			sourceTree = "<group>";
		};
		B789AD591B820F3B00C1C0AB /* ActorsCam */ = {
			isa = PBXGroup;
			children = (
				B789AD821B82102100C1C0AB /* AppDelegate */,
				B7F5B0551B8310E600C54376 /* Webservice */,
				B789AD801B82100400C1C0AB /* ViewControllers */,
				B7F5B00F1B82EBEF00C54376 /* HelperClass */,
				B7F5B0141B82F09700C54376 /* Category */,
				B789AD641B820F3B00C1C0AB /* Main.storyboard */,
				B789AD671B820F3B00C1C0AB /* Images.xcassets */,
				B789AD5A1B820F3B00C1C0AB /* Supporting Files */,
			);
			path = ActorsCam;
			sourceTree = "<group>";
		};
		B789AD5A1B820F3B00C1C0AB /* Supporting Files */ = {
			isa = PBXGroup;
			children = (
				B7BAFE4A1BB95BAE00BE13E8 /* Modal_Images */,
				B7DF6DA31BB3B47300351333 /* Fonts */,
				B7DF6D9A1BB3B18100351333 /* Images */,
				B7FFA3A01B9E9520002B37D9 /* Localizable.strings */,
				B7D32C241B8AE04C000DE939 /* tempImages */,
				B70034361B849AB400263CAD /* ActorsCam-Prefix.pch */,
				B789AD5B1B820F3B00C1C0AB /* Info.plist */,
				B789AD5C1B820F3B00C1C0AB /* main.m */,
			);
			name = "Supporting Files";
			sourceTree = "<group>";
		};
		B789AD731B820F3B00C1C0AB /* ActorsCamTests */ = {
			isa = PBXGroup;
			children = (
				B789AD761B820F3B00C1C0AB /* ActorsCamTests.m */,
				B789AD741B820F3B00C1C0AB /* Supporting Files */,
			);
			path = ActorsCamTests;
			sourceTree = "<group>";
		};
		B789AD741B820F3B00C1C0AB /* Supporting Files */ = {
			isa = PBXGroup;
			children = (
				B789AD751B820F3B00C1C0AB /* Info.plist */,
			);
			name = "Supporting Files";
			sourceTree = "<group>";
		};
		B789AD801B82100400C1C0AB /* ViewControllers */ = {
			isa = PBXGroup;
			children = (
				B76A68641BBE361A00AF03CF /* VideoRecordView */,
				B793FEF31BBBBFEC00DF6E50 /* AudiioRecordView */,
				B7D32C391B8B3699000DE939 /* TakePhotoView */,
				B7D32C2C1B8AE339000DE939 /* ChooseLanguageView */,
				B70A59A41B85926A00E1D793 /* GlobalSideBarMenu */,
				B70A59A51B85927700E1D793 /* GlobalBackViewController */,
				B789AD861B82104200C1C0AB /* LoginView */,
				B789AD811B82100D00C1C0AB /* RegisterView */,
				B700343B1B84ABE800263CAD /* DashboardView */,
				B789AD8A1B8212C700C1C0AB /* ChangePasswordView */,
				B7AD47471B8726BE00D12F33 /* AddManagersView */,
				B70034431B84ADC100263CAD /* ManagerListView */,
				B700343F1B84AD5C00263CAD /* EditProfileView */,
				B70034471B84AEB000263CAD /* SideBar */,
				B70034481B84AEB900263CAD /* SWRevealViewController */,
			);
			name = ViewControllers;
			path = ..;
			sourceTree = "<group>";
		};
		B789AD811B82100D00C1C0AB /* RegisterView */ = {
			isa = PBXGroup;
			children = (
				B789AD831B82103B00C1C0AB /* RegisterViewController.h */,
				B789AD841B82103B00C1C0AB /* RegisterViewController.m */,
			);
			name = RegisterView;
			sourceTree = "<group>";
		};
		B789AD821B82102100C1C0AB /* AppDelegate */ = {
			isa = PBXGroup;
			children = (
				B789AD5E1B820F3B00C1C0AB /* AppDelegate.h */,
				B789AD5F1B820F3B00C1C0AB /* AppDelegate.m */,
			);
			name = AppDelegate;
			sourceTree = "<group>";
		};
		B789AD861B82104200C1C0AB /* LoginView */ = {
			isa = PBXGroup;
			children = (
				B789AD871B82105300C1C0AB /* LoginViewController.h */,
				B789AD881B82105300C1C0AB /* LoginViewController.m */,
			);
			name = LoginView;
			sourceTree = "<group>";
		};
		B789AD8A1B8212C700C1C0AB /* ChangePasswordView */ = {
			isa = PBXGroup;
			children = (
				B789AD8B1B8212E700C1C0AB /* ChangePasswordViewController.h */,
				B789AD8C1B8212E700C1C0AB /* ChangePasswordViewController.m */,
			);
			name = ChangePasswordView;
			sourceTree = "<group>";
		};
		B793FEF31BBBBFEC00DF6E50 /* AudiioRecordView */ = {
			isa = PBXGroup;
			children = (
				B793FEF01BBBBFE900DF6E50 /* AudioViewController.h */,
				B793FEF11BBBBFE900DF6E50 /* AudioViewController.m */,
			);
			name = AudiioRecordView;
			sourceTree = "<group>";
		};
		B79FC70B1B9417FA00D9EA79 /* Toast */ = {
			isa = PBXGroup;
			children = (
				B79FC70F1B941FD200D9EA79 /* UIView+Toast.h */,
				B79FC7101B941FD200D9EA79 /* UIView+Toast.m */,
			);
			name = Toast;
			sourceTree = "<group>";
		};
		B7AD47471B8726BE00D12F33 /* AddManagersView */ = {
			isa = PBXGroup;
			children = (
				B70034441B84ADDD00263CAD /* AddManagerViewController.h */,
				B70034451B84ADDD00263CAD /* AddManagerViewController.m */,
			);
			name = AddManagersView;
			sourceTree = "<group>";
		};
		B7AD47481B87286000D12F33 /* ManagersList */ = {
			isa = PBXGroup;
			children = (
				B7AD47441B8726B800D12F33 /* ManagerListViewController.h */,
				B7AD47451B8726B800D12F33 /* ManagerListViewController.m */,
			);
			name = ManagersList;
			sourceTree = "<group>";
		};
		B7AD47491B87286F00D12F33 /* ManagersListCell */ = {
			isa = PBXGroup;
			children = (
				B7FF112F1B8754D700D1E54F /* ManagersListCell.h */,
				B7FF11301B8754D700D1E54F /* ManagersListCell.m */,
			);
			name = ManagersListCell;
			sourceTree = "<group>";
		};
		B7BAFE4A1BB95BAE00BE13E8 /* Modal_Images */ = {
			isa = PBXGroup;
			children = (
				B7BAFE591BB95BDE00BE13E8 /* modal1.jpeg */,
				B7BAFE571BB95BCD00BE13E8 /* modal8.jpeg */,
				B7BAFE4B1BB95BC600BE13E8 /* modal2.jpeg */,
				B7BAFE4C1BB95BC600BE13E8 /* modal7.jpeg */,
				B7BAFE4D1BB95BC600BE13E8 /* modal6.jpeg */,
				B7BAFE4E1BB95BC600BE13E8 /* modal5.jpeg */,
				B7BAFE4F1BB95BC600BE13E8 /* modal4.jpeg */,
				B7BAFE501BB95BC600BE13E8 /* modal3.jpeg */,
			);
			name = Modal_Images;
			sourceTree = "<group>";
		};
		B7C06A191B9FE5E200C2E616 /* ChooseLanguage */ = {
			isa = PBXGroup;
			children = (
				B7D32C291B8AE32A000DE939 /* ChooseLanguageViewController.h */,
				B7D32C2A1B8AE32A000DE939 /* ChooseLanguageViewController.m */,
			);
			name = ChooseLanguage;
			sourceTree = "<group>";
		};
		B7C06A1A1B9FE5EA00C2E616 /* ChooseLanguageCell */ = {
			isa = PBXGroup;
			children = (
				B7C06A161B9FE5D900C2E616 /* ChooseLanguageCell.h */,
				B7C06A171B9FE5D900C2E616 /* ChooseLanguageCell.m */,
			);
			name = ChooseLanguageCell;
			sourceTree = "<group>";
		};
		B7C06A1B1B9FE5F700C2E616 /* LocalizedString */ = {
			isa = PBXGroup;
			children = (
				B75DCCBB1B9EF25000A61D60 /* LocalizedObject.h */,
				B75DCCBC1B9EF25000A61D60 /* LocalizedObject.m */,
				B75DCCBD1B9EF25000A61D60 /* UILabel+LocalizedString.h */,
				B75DCCBE1B9EF25000A61D60 /* UILabel+LocalizedString.m */,
			);
			name = LocalizedString;
			sourceTree = "<group>";
		};
		B7D32C241B8AE04C000DE939 /* tempImages */ = {
			isa = PBXGroup;
			children = (
			);
			name = tempImages;
			sourceTree = "<group>";
		};
		B7D32C2C1B8AE339000DE939 /* ChooseLanguageView */ = {
			isa = PBXGroup;
			children = (
				B7C06A1B1B9FE5F700C2E616 /* LocalizedString */,
				B7C06A1A1B9FE5EA00C2E616 /* ChooseLanguageCell */,
				B7C06A191B9FE5E200C2E616 /* ChooseLanguage */,
			);
			name = ChooseLanguageView;
			sourceTree = "<group>";
		};
		B7D32C391B8B3699000DE939 /* TakePhotoView */ = {
			isa = PBXGroup;
			children = (
				B767DDA91B8C694400C721C9 /* CameraView */,
				B767DDA81B8C693B00C721C9 /* ImagePreview */,
				B76B76B31BC3E6130045C107 /* 1.png */,
			);
			name = TakePhotoView;
			sourceTree = "<group>";
		};
		B7DF6D9A1BB3B18100351333 /* Images */ = {
			isa = PBXGroup;
			children = (
				B75B30DE1BB41A9400F981C8 /* cross.png */,
				B7E5D6FB1BBCF24F00280C6A /* bg-568h@2x.jpg */,
				B7E5D6FC1BBCF24F00280C6A /* bg-667h@2x.jpg */,
				B7E5D6FD1BBCF24F00280C6A /* bg-736h@3x.jpg */,
				B7E5D6FE1BBCF24F00280C6A /* bg.jpg */,
				BDC4AC3C1BC0FC63007ADAA1 /* bg-ipad.jpg */,
				BDC4AC3D1BC0FC63007ADAA1 /* bg-ipad@2x.jpg */,
			);
			name = Images;
			sourceTree = "<group>";
		};
		B7DF6DA31BB3B47300351333 /* Fonts */ = {
			isa = PBXGroup;
			children = (
				B77937AE1BB3B58F0041510D /* OpenSans-Bold.ttf */,
				B77937AC1BB3B56C0041510D /* OpenSans-Italic.ttf */,
				B77937A81BB3B5220041510D /* OpenSans-Regular.ttf */,
				B77937A91BB3B5220041510D /* OpenSans-Semibold.ttf */,
			);
			name = Fonts;
			sourceTree = "<group>";
		};
		B7EDA6EB1B870A4D00778749 /* ProgressBar */ = {
			isa = PBXGroup;
			children = (
				B7EDA6EC1B870A7D00778749 /* MBProgressHUD.h */,
				B7EDA6ED1B870A7D00778749 /* MBProgressHUD.m */,
			);
			name = ProgressBar;
			sourceTree = "<group>";
		};
		B7F5B00F1B82EBEF00C54376 /* HelperClass */ = {
			isa = PBXGroup;
			children = (
				B77E98601BB2C3A000368C03 /* Reachability */,
				B7EDA6EB1B870A4D00778749 /* ProgressBar */,
				B7F5B0511B8310C400C54376 /* NullHandler */,
				B7F5B0101B82EBF700C54376 /* KeyboardControls */,
			);
			name = HelperClass;
			sourceTree = "<group>";
		};
		B7F5B0101B82EBF700C54376 /* KeyboardControls */ = {
			isa = PBXGroup;
			children = (
				B7F5B00C1B82EBE500C54376 /* BSKeyboardControls.h */,
				B7F5B00D1B82EBE500C54376 /* BSKeyboardControls.m */,
			);
			name = KeyboardControls;
			sourceTree = "<group>";
		};
		B7F5B0141B82F09700C54376 /* Category */ = {
			isa = PBXGroup;
			children = (
				B77DAEFD1BB3F85200629624 /* UIImageCategory */,
				B77937A51BB3B4BF0041510D /* FontCategory */,
				B79FC70B1B9417FA00D9EA79 /* Toast */,
				B70034311B8496A700263CAD /* CornerRadiusCategory */,
				B7F5B04D1B83107F00C54376 /* UIImageCategory */,
				B7F5B0191B82F1E300C54376 /* ValidationCategory */,
				B7F5B0151B82F0A200C54376 /* PaddingCategory */,
			);
			name = Category;
			sourceTree = "<group>";
		};
		B7F5B0151B82F0A200C54376 /* PaddingCategory */ = {
			isa = PBXGroup;
			children = (
				B7F5B0111B82F09000C54376 /* UITextField+Padding.h */,
				B7F5B0121B82F09000C54376 /* UITextField+Padding.m */,
			);
			name = PaddingCategory;
			sourceTree = "<group>";
		};
		B7F5B0191B82F1E300C54376 /* ValidationCategory */ = {
			isa = PBXGroup;
			children = (
				B7F5B0161B82F1D700C54376 /* UITextField+Validations.h */,
				B7F5B0171B82F1D700C54376 /* UITextField+Validations.m */,
			);
			name = ValidationCategory;
			sourceTree = "<group>";
		};
		B7F5B04D1B83107F00C54376 /* UIImageCategory */ = {
			isa = PBXGroup;
			children = (
				B7F5B04E1B83109900C54376 /* UIImage+deviceSpecificMedia.h */,
				B7F5B04F1B83109900C54376 /* UIImage+deviceSpecificMedia.m */,
			);
			name = UIImageCategory;
			sourceTree = "<group>";
		};
		B7F5B0511B8310C400C54376 /* NullHandler */ = {
			isa = PBXGroup;
			children = (
				B7F5B0521B8310D500C54376 /* NullValueChecker.h */,
				B7F5B0531B8310D500C54376 /* NullValueChecker.m */,
			);
			name = NullHandler;
			sourceTree = "<group>";
		};
		B7F5B0551B8310E600C54376 /* Webservice */ = {
			isa = PBXGroup;
			children = (
				B70034321B8498EA00263CAD /* WebService.h */,
				B70034331B8498EA00263CAD /* WebService.m */,
			);
			name = Webservice;
			sourceTree = "<group>";
		};
/* End PBXGroup section */

/* Begin PBXNativeTarget section */
		B789AD561B820F3B00C1C0AB /* ActorsCam */ = {
			isa = PBXNativeTarget;
			buildConfigurationList = B789AD7A1B820F3B00C1C0AB /* Build configuration list for PBXNativeTarget "ActorsCam" */;
			buildPhases = (
				536D37898216975796D1A47B /* Check Pods Manifest.lock */,
				B789AD531B820F3B00C1C0AB /* Sources */,
				B789AD541B820F3B00C1C0AB /* Frameworks */,
				B789AD551B820F3B00C1C0AB /* Resources */,
				F1E01DF866D78C707E5DA93B /* Copy Pods Resources */,
			);
			buildRules = (
			);
			dependencies = (
			);
			name = ActorsCam;
			productName = ActorsCam;
			productReference = B789AD571B820F3B00C1C0AB /* ActorsCam.app */;
			productType = "com.apple.product-type.application";
		};
		B789AD6F1B820F3B00C1C0AB /* ActorsCamTests */ = {
			isa = PBXNativeTarget;
			buildConfigurationList = B789AD7D1B820F3B00C1C0AB /* Build configuration list for PBXNativeTarget "ActorsCamTests" */;
			buildPhases = (
				B789AD6C1B820F3B00C1C0AB /* Sources */,
				B789AD6D1B820F3B00C1C0AB /* Frameworks */,
				B789AD6E1B820F3B00C1C0AB /* Resources */,
			);
			buildRules = (
			);
			dependencies = (
				B789AD721B820F3B00C1C0AB /* PBXTargetDependency */,
			);
			name = ActorsCamTests;
			productName = ActorsCamTests;
			productReference = B789AD701B820F3B00C1C0AB /* ActorsCamTests.xctest */;
			productType = "com.apple.product-type.bundle.unit-test";
		};
/* End PBXNativeTarget section */

/* Begin PBXProject section */
		B789AD4F1B820F3B00C1C0AB /* Project object */ = {
			isa = PBXProject;
			attributes = {
				LastUpgradeCheck = 0640;
				ORGANIZATIONNAME = Ranosys;
				TargetAttributes = {
					B789AD561B820F3B00C1C0AB = {
						CreatedOnToolsVersion = 6.4;
						DevelopmentTeam = T7GN63HCDX;
					};
					B789AD6F1B820F3B00C1C0AB = {
						CreatedOnToolsVersion = 6.4;
						TestTargetID = B789AD561B820F3B00C1C0AB;
					};
				};
			};
			buildConfigurationList = B789AD521B820F3B00C1C0AB /* Build configuration list for PBXProject "ActorsCam" */;
			compatibilityVersion = "Xcode 3.2";
			developmentRegion = English;
			hasScannedForEncodings = 0;
			knownRegions = (
				en,
				Base,
			);
			mainGroup = B789AD4E1B820F3B00C1C0AB;
			productRefGroup = B789AD581B820F3B00C1C0AB /* Products */;
			projectDirPath = "";
			projectRoot = "";
			targets = (
				B789AD561B820F3B00C1C0AB /* ActorsCam */,
				B789AD6F1B820F3B00C1C0AB /* ActorsCamTests */,
			);
		};
/* End PBXProject section */

/* Begin PBXResourcesBuildPhase section */
		B789AD551B820F3B00C1C0AB /* Resources */ = {
			isa = PBXResourcesBuildPhase;
			buildActionMask = 2147483647;
			files = (
				B7BAFE541BB95BC600BE13E8 /* modal5.jpeg in Resources */,
				B7BAFE521BB95BC600BE13E8 /* modal7.jpeg in Resources */,
				B7BAFE531BB95BC600BE13E8 /* modal6.jpeg in Resources */,
				B7E5D7011BBCF24F00280C6A /* bg-736h@3x.jpg in Resources */,
				B75B30DF1BB41A9400F981C8 /* cross.png in Resources */,
				B7BAFE561BB95BC600BE13E8 /* modal3.jpeg in Resources */,
				B77937AF1BB3B58F0041510D /* OpenSans-Bold.ttf in Resources */,
				B7E5D7001BBCF24F00280C6A /* bg-667h@2x.jpg in Resources */,
				B7E5D6FF1BBCF24F00280C6A /* bg-568h@2x.jpg in Resources */,
				BDC4AC3F1BC0FC63007ADAA1 /* bg-ipad@2x.jpg in Resources */,
				B7BAFE5A1BB95BDE00BE13E8 /* modal1.jpeg in Resources */,
				B7E5D7021BBCF24F00280C6A /* bg.jpg in Resources */,
				B77937AB1BB3B5220041510D /* OpenSans-Semibold.ttf in Resources */,
				BDC4AC3E1BC0FC63007ADAA1 /* bg-ipad.jpg in Resources */,
				B7FFA39E1B9E9520002B37D9 /* Localizable.strings in Resources */,
				B77937AD1BB3B56C0041510D /* OpenSans-Italic.ttf in Resources */,
				B77937AA1BB3B5220041510D /* OpenSans-Regular.ttf in Resources */,
				B789AD661B820F3B00C1C0AB /* Main.storyboard in Resources */,
				B789AD681B820F3B00C1C0AB /* Images.xcassets in Resources */,
				B7BAFE511BB95BC600BE13E8 /* modal2.jpeg in Resources */,
				B76B76B41BC3E6130045C107 /* 1.png in Resources */,
				B7BAFE551BB95BC600BE13E8 /* modal4.jpeg in Resources */,
				B7BAFE581BB95BCD00BE13E8 /* modal8.jpeg in Resources */,
			);
			runOnlyForDeploymentPostprocessing = 0;
		};
		B789AD6E1B820F3B00C1C0AB /* Resources */ = {
			isa = PBXResourcesBuildPhase;
			buildActionMask = 2147483647;
			files = (
			);
			runOnlyForDeploymentPostprocessing = 0;
		};
/* End PBXResourcesBuildPhase section */

/* Begin PBXShellScriptBuildPhase section */
		536D37898216975796D1A47B /* Check Pods Manifest.lock */ = {
			isa = PBXShellScriptBuildPhase;
			buildActionMask = 2147483647;
			files = (
			);
			inputPaths = (
			);
			name = "Check Pods Manifest.lock";
			outputPaths = (
			);
			runOnlyForDeploymentPostprocessing = 0;
			shellPath = /bin/sh;
			shellScript = "diff \"${PODS_ROOT}/../Podfile.lock\" \"${PODS_ROOT}/Manifest.lock\" > /dev/null\nif [[ $? != 0 ]] ; then\n    cat << EOM\nerror: The sandbox is not in sync with the Podfile.lock. Run 'pod install' or update your CocoaPods installation.\nEOM\n    exit 1\nfi\n";
			showEnvVarsInLog = 0;
		};
		F1E01DF866D78C707E5DA93B /* Copy Pods Resources */ = {
			isa = PBXShellScriptBuildPhase;
			buildActionMask = 2147483647;
			files = (
			);
			inputPaths = (
			);
			name = "Copy Pods Resources";
			outputPaths = (
			);
			runOnlyForDeploymentPostprocessing = 0;
			shellPath = /bin/sh;
			shellScript = "\"${SRCROOT}/Pods/Target Support Files/Pods/Pods-resources.sh\"\n";
			showEnvVarsInLog = 0;
		};
/* End PBXShellScriptBuildPhase section */

/* Begin PBXSourcesBuildPhase section */
		B789AD531B820F3B00C1C0AB /* Sources */ = {
			isa = PBXSourcesBuildPhase;
			buildActionMask = 2147483647;
			files = (
				B79FC7111B941FD200D9EA79 /* UIView+Toast.m in Sources */,
				B789AD601B820F3B00C1C0AB /* AppDelegate.m in Sources */,
				B7D32C2B1B8AE32A000DE939 /* ChooseLanguageViewController.m in Sources */,
				B75DCCC01B9EF25000A61D60 /* UILabel+LocalizedString.m in Sources */,
				B7FF11311B8754D700D1E54F /* ManagersListCell.m in Sources */,
				B793FEF21BBBBFE900DF6E50 /* AudioViewController.m in Sources */,
				B789AD5D1B820F3B00C1C0AB /* main.m in Sources */,
				B70034421B84ADBB00263CAD /* EditProfileViewController.m in Sources */,
				B70034461B84ADDD00263CAD /* AddManagerViewController.m in Sources */,
				B7F5B0541B8310D500C54376 /* NullValueChecker.m in Sources */,
				B789AD851B82103B00C1C0AB /* RegisterViewController.m in Sources */,
				B76A68671BBE367000AF03CF /* CustomVideoViewController.m in Sources */,
				B789AD8D1B8212E700C1C0AB /* ChangePasswordViewController.m in Sources */,
				B7EDA6EE1B870A7D00778749 /* MBProgressHUD.m in Sources */,
				B77E98651BB2C3B200368C03 /* Internet.m in Sources */,
				B7F5B0181B82F1D700C54376 /* UITextField+Validations.m in Sources */,
				B700343E1B84AC6B00263CAD /* DashboardViewController.m in Sources */,
				B75DCCBF1B9EF25000A61D60 /* LocalizedObject.m in Sources */,
				B70A59AB1B8592D800E1D793 /* BackViewController.m in Sources */,
				B70034341B8498EA00263CAD /* WebService.m in Sources */,
				B70A59A81B8592B800E1D793 /* GlobalMenuViewController.m in Sources */,
				B7F5B0501B83109900C54376 /* UIImage+deviceSpecificMedia.m in Sources */,
				B767DDA71B8C68FC00C721C9 /* PreviewView.m in Sources */,
				B700344E1B84AED700263CAD /* SidebarViewController.m in Sources */,
				B700344B1B84AED100263CAD /* SWRevealViewController.m in Sources */,
				B7C06A181B9FE5D900C2E616 /* ChooseLanguageCell.m in Sources */,
				B76A686C1BBE36A100AF03CF /* VideoPreviewViewController.m in Sources */,
				B7F5B0131B82F09000C54376 /* UITextField+Padding.m in Sources */,
				B7D32C3C1B8B36B1000DE939 /* ImagePreviewViewController.m in Sources */,
				B77937A71BB3B4D20041510D /* TCCustomFont.m in Sources */,
				B77E98661BB2C3B200368C03 /* Reachability.m in Sources */,
				B789AD891B82105300C1C0AB /* LoginViewController.m in Sources */,
				B7F5B00E1B82EBE500C54376 /* BSKeyboardControls.m in Sources */,
				B70034301B8496A100263CAD /* UIView+RoundedCorner.m in Sources */,
				B767DDAC1B8C697400C721C9 /* CustomCameraViewController.m in Sources */,
				B77DAF001BB3F87100629624 /* UIImage+UIImage_fixOrientation.m in Sources */,
				B7AD47461B8726B800D12F33 /* ManagerListViewController.m in Sources */,
			);
			runOnlyForDeploymentPostprocessing = 0;
		};
		B789AD6C1B820F3B00C1C0AB /* Sources */ = {
			isa = PBXSourcesBuildPhase;
			buildActionMask = 2147483647;
			files = (
				B789AD771B820F3B00C1C0AB /* ActorsCamTests.m in Sources */,
			);
			runOnlyForDeploymentPostprocessing = 0;
		};
/* End PBXSourcesBuildPhase section */

/* Begin PBXTargetDependency section */
		B789AD721B820F3B00C1C0AB /* PBXTargetDependency */ = {
			isa = PBXTargetDependency;
			target = B789AD561B820F3B00C1C0AB /* ActorsCam */;
			targetProxy = B789AD711B820F3B00C1C0AB /* PBXContainerItemProxy */;
		};
/* End PBXTargetDependency section */

/* Begin PBXVariantGroup section */
		B789AD641B820F3B00C1C0AB /* Main.storyboard */ = {
			isa = PBXVariantGroup;
			children = (
				B789AD651B820F3B00C1C0AB /* Base */,
			);
			name = Main.storyboard;
			sourceTree = "<group>";
		};
		B7FFA3A01B9E9520002B37D9 /* Localizable.strings */ = {
			isa = PBXVariantGroup;
			children = (
				B73C2EF31B9E956700093384 /* en */,
				B73C2EF41B9E957000093384 /* Base */,
			);
			name = Localizable.strings;
			path = ..;
			sourceTree = "<group>";
		};
/* End PBXVariantGroup section */

/* Begin XCBuildConfiguration section */
		B789AD781B820F3B00C1C0AB /* Debug */ = {
			isa = XCBuildConfiguration;
			buildSettings = {
				ALWAYS_SEARCH_USER_PATHS = NO;
				CLANG_CXX_LANGUAGE_STANDARD = "gnu++0x";
				CLANG_CXX_LIBRARY = "libc++";
				CLANG_ENABLE_MODULES = YES;
				CLANG_ENABLE_OBJC_ARC = YES;
				CLANG_WARN_BOOL_CONVERSION = YES;
				CLANG_WARN_CONSTANT_CONVERSION = YES;
				CLANG_WARN_DIRECT_OBJC_ISA_USAGE = YES_ERROR;
				CLANG_WARN_EMPTY_BODY = YES;
				CLANG_WARN_ENUM_CONVERSION = YES;
				CLANG_WARN_INT_CONVERSION = YES;
				CLANG_WARN_OBJC_ROOT_CLASS = YES_ERROR;
				CLANG_WARN_UNREACHABLE_CODE = YES;
				CLANG_WARN__DUPLICATE_METHOD_MATCH = YES;
				CODE_SIGN_IDENTITY = "iPhone Developer: Rameshwar Vyas (7K7JRCWTUM)";
				"CODE_SIGN_IDENTITY[sdk=iphoneos*]" = "iPhone Developer: Rameshwar Vyas (7K7JRCWTUM)";
				COPY_PHASE_STRIP = NO;
				DEBUG_INFORMATION_FORMAT = "dwarf-with-dsym";
				ENABLE_STRICT_OBJC_MSGSEND = YES;
				GCC_C_LANGUAGE_STANDARD = gnu99;
				GCC_DYNAMIC_NO_PIC = NO;
				GCC_NO_COMMON_BLOCKS = YES;
				GCC_OPTIMIZATION_LEVEL = 0;
				GCC_PREFIX_HEADER = "ActorsCam/ActorsCam-Prefix.pch";
				GCC_PREPROCESSOR_DEFINITIONS = (
					"DEBUG=1",
					"$(inherited)",
				);
				GCC_SYMBOLS_PRIVATE_EXTERN = NO;
				GCC_WARN_64_TO_32_BIT_CONVERSION = YES;
				GCC_WARN_ABOUT_RETURN_TYPE = YES_ERROR;
				GCC_WARN_UNDECLARED_SELECTOR = YES;
				GCC_WARN_UNINITIALIZED_AUTOS = YES_AGGRESSIVE;
				GCC_WARN_UNUSED_FUNCTION = YES;
				GCC_WARN_UNUSED_VARIABLE = YES;
				IPHONEOS_DEPLOYMENT_TARGET = 7.0;
				MTL_ENABLE_DEBUG_INFO = YES;
				ONLY_ACTIVE_ARCH = YES;
				PROVISIONING_PROFILE = "1c165ab6-3fcc-474e-9fea-9b23f0b7dfa6";
				SDKROOT = iphoneos;
				TARGETED_DEVICE_FAMILY = "1,2";
			};
			name = Debug;
		};
		B789AD791B820F3B00C1C0AB /* Release */ = {
			isa = XCBuildConfiguration;
			buildSettings = {
				ALWAYS_SEARCH_USER_PATHS = NO;
				CLANG_CXX_LANGUAGE_STANDARD = "gnu++0x";
				CLANG_CXX_LIBRARY = "libc++";
				CLANG_ENABLE_MODULES = YES;
				CLANG_ENABLE_OBJC_ARC = YES;
				CLANG_WARN_BOOL_CONVERSION = YES;
				CLANG_WARN_CONSTANT_CONVERSION = YES;
				CLANG_WARN_DIRECT_OBJC_ISA_USAGE = YES_ERROR;
				CLANG_WARN_EMPTY_BODY = YES;
				CLANG_WARN_ENUM_CONVERSION = YES;
				CLANG_WARN_INT_CONVERSION = YES;
				CLANG_WARN_OBJC_ROOT_CLASS = YES_ERROR;
				CLANG_WARN_UNREACHABLE_CODE = YES;
				CLANG_WARN__DUPLICATE_METHOD_MATCH = YES;
				CODE_SIGN_IDENTITY = "iPhone Developer: Rameshwar Vyas (7K7JRCWTUM)";
				"CODE_SIGN_IDENTITY[sdk=iphoneos*]" = "iPhone Developer: Rameshwar Vyas (7K7JRCWTUM)";
				COPY_PHASE_STRIP = NO;
				DEBUG_INFORMATION_FORMAT = "dwarf-with-dsym";
				ENABLE_NS_ASSERTIONS = NO;
				ENABLE_STRICT_OBJC_MSGSEND = YES;
				GCC_C_LANGUAGE_STANDARD = gnu99;
				GCC_NO_COMMON_BLOCKS = YES;
				GCC_PREFIX_HEADER = "ActorsCam/ActorsCam-Prefix.pch";
				GCC_WARN_64_TO_32_BIT_CONVERSION = YES;
				GCC_WARN_ABOUT_RETURN_TYPE = YES_ERROR;
				GCC_WARN_UNDECLARED_SELECTOR = YES;
				GCC_WARN_UNINITIALIZED_AUTOS = YES_AGGRESSIVE;
				GCC_WARN_UNUSED_FUNCTION = YES;
				GCC_WARN_UNUSED_VARIABLE = YES;
				IPHONEOS_DEPLOYMENT_TARGET = 7.0;
				MTL_ENABLE_DEBUG_INFO = NO;
				PROVISIONING_PROFILE = "1c165ab6-3fcc-474e-9fea-9b23f0b7dfa6";
				SDKROOT = iphoneos;
				TARGETED_DEVICE_FAMILY = "1,2";
				VALIDATE_PRODUCT = YES;
			};
			name = Release;
		};
		B789AD7B1B820F3B00C1C0AB /* Debug */ = {
			isa = XCBuildConfiguration;
			baseConfigurationReference = EC6CF4BD5D0C98E96698D211 /* Pods.debug.xcconfig */;
			buildSettings = {
				ASSETCATALOG_COMPILER_APPICON_NAME = AppIcon;
				ASSETCATALOG_COMPILER_LAUNCHIMAGE_NAME = LaunchImage;
				CODE_SIGN_IDENTITY = "iPhone Developer: Rameshwar Vyas (7K7JRCWTUM)";
				GCC_PREFIX_HEADER = "ActorsCam/ActorsCam-Prefix.pch";
				INFOPLIST_FILE = ActorsCam/Info.plist;
				IPHONEOS_DEPLOYMENT_TARGET = 7.0;
				LD_RUNPATH_SEARCH_PATHS = "$(inherited) @executable_path/Frameworks";
				LIBRARY_SEARCH_PATHS = (
					"$(inherited)",
					"$(PROJECT_DIR)",
				);
				PRODUCT_BUNDLE_IDENTIFIER = com.ranosys.priceTagEnhancement;
				PRODUCT_NAME = "$(TARGET_NAME)";
				PROVISIONING_PROFILE = "1c165ab6-3fcc-474e-9fea-9b23f0b7dfa6";
			};
			name = Debug;
		};
		B789AD7C1B820F3B00C1C0AB /* Release */ = {
			isa = XCBuildConfiguration;
			baseConfigurationReference = 17A6042FB44BB0551E518D31 /* Pods.release.xcconfig */;
			buildSettings = {
				ASSETCATALOG_COMPILER_APPICON_NAME = AppIcon;
				ASSETCATALOG_COMPILER_LAUNCHIMAGE_NAME = LaunchImage;
				CODE_SIGN_IDENTITY = "iPhone Developer: Rameshwar Vyas (7K7JRCWTUM)";
				GCC_PREFIX_HEADER = "ActorsCam/ActorsCam-Prefix.pch";
				INFOPLIST_FILE = ActorsCam/Info.plist;
				IPHONEOS_DEPLOYMENT_TARGET = 7.0;
				LD_RUNPATH_SEARCH_PATHS = "$(inherited) @executable_path/Frameworks";
				LIBRARY_SEARCH_PATHS = (
					"$(inherited)",
					"$(PROJECT_DIR)",
				);
				PRODUCT_BUNDLE_IDENTIFIER = com.ranosys.priceTagEnhancement;
				PRODUCT_NAME = "$(TARGET_NAME)";
				PROVISIONING_PROFILE = "1c165ab6-3fcc-474e-9fea-9b23f0b7dfa6";
			};
			name = Release;
		};
		B789AD7E1B820F3B00C1C0AB /* Debug */ = {
			isa = XCBuildConfiguration;
			baseConfigurationReference = EC6CF4BD5D0C98E96698D211 /* Pods.debug.xcconfig */;
			buildSettings = {
				BUNDLE_LOADER = "$(TEST_HOST)";
				FRAMEWORK_SEARCH_PATHS = (
					"$(SDKROOT)/Developer/Library/Frameworks",
					"$(inherited)",
				);
				GCC_PREFIX_HEADER = "ActorsCam/ActorsCam-Prefix.pch";
				GCC_PREPROCESSOR_DEFINITIONS = (
					"DEBUG=1",
					"$(inherited)",
				);
				INFOPLIST_FILE = ActorsCamTests/Info.plist;
				LD_RUNPATH_SEARCH_PATHS = "$(inherited) @executable_path/Frameworks @loader_path/Frameworks";
				PRODUCT_NAME = "$(TARGET_NAME)";
				TEST_HOST = "$(BUILT_PRODUCTS_DIR)/ActorsCam.app/ActorsCam";
			};
			name = Debug;
		};
		B789AD7F1B820F3B00C1C0AB /* Release */ = {
			isa = XCBuildConfiguration;
			baseConfigurationReference = 17A6042FB44BB0551E518D31 /* Pods.release.xcconfig */;
			buildSettings = {
				BUNDLE_LOADER = "$(TEST_HOST)";
				FRAMEWORK_SEARCH_PATHS = (
					"$(SDKROOT)/Developer/Library/Frameworks",
					"$(inherited)",
				);
				GCC_PREFIX_HEADER = "ActorsCam/ActorsCam-Prefix.pch";
				INFOPLIST_FILE = ActorsCamTests/Info.plist;
				LD_RUNPATH_SEARCH_PATHS = "$(inherited) @executable_path/Frameworks @loader_path/Frameworks";
				PRODUCT_NAME = "$(TARGET_NAME)";
				TEST_HOST = "$(BUILT_PRODUCTS_DIR)/ActorsCam.app/ActorsCam";
			};
			name = Release;
		};
/* End XCBuildConfiguration section */

/* Begin XCConfigurationList section */
		B789AD521B820F3B00C1C0AB /* Build configuration list for PBXProject "ActorsCam" */ = {
			isa = XCConfigurationList;
			buildConfigurations = (
				B789AD781B820F3B00C1C0AB /* Debug */,
				B789AD791B820F3B00C1C0AB /* Release */,
			);
			defaultConfigurationIsVisible = 0;
			defaultConfigurationName = Release;
		};
		B789AD7A1B820F3B00C1C0AB /* Build configuration list for PBXNativeTarget "ActorsCam" */ = {
			isa = XCConfigurationList;
			buildConfigurations = (
				B789AD7B1B820F3B00C1C0AB /* Debug */,
				B789AD7C1B820F3B00C1C0AB /* Release */,
			);
			defaultConfigurationIsVisible = 0;
			defaultConfigurationName = Release;
		};
		B789AD7D1B820F3B00C1C0AB /* Build configuration list for PBXNativeTarget "ActorsCamTests" */ = {
			isa = XCConfigurationList;
			buildConfigurations = (
				B789AD7E1B820F3B00C1C0AB /* Debug */,
				B789AD7F1B820F3B00C1C0AB /* Release */,
			);
			defaultConfigurationIsVisible = 0;
			defaultConfigurationName = Release;
		};
/* End XCConfigurationList section */
	};
	rootObject = B789AD4F1B820F3B00C1C0AB /* Project object */;
}
